<Solution>
  <Configurations>
    <Platform Name="Any CPU" />
    <Platform Name="x64" />
  </Configurations>
  <Folder Name="/Solution Items/">
    <File Path=".github/workflows/dotnet-core-desktop.yml" />
  </Folder>
  <Project Path="src/analogy.logviewer.client/analogy.logviewer.client.esproj">
    <Platform Project="AnyCPU" />
    <Build />
    <Deploy />
  </Project>
  <Project Path="src/Analogy.LogViewer.Server/Analogy.LogViewer.Server.csproj">
    <Platform Solution="*|x64" Project="x64" />
  </Project>
</Solution>
